
Microsoft Visual Studio Solution File, Format Version 11.00
# Visual Studio 2010
Project("{FAE04EC0-301F-11D3-BF4B-00C04F79EFBC}") = "iPhone Tools", "iPhone Tools\iPhone Tools.csproj", "{ACF586A2-6478-4EE3-AE07-CFE9FE97C19D}"
	ProjectSection(ProjectDependencies) = postProject
		{2A23CE12-05FE-46BC-B826-106E98E7F561} = {2A23CE12-05FE-46BC-B826-106E98E7F561}
	EndProjectSection
EndProject
Project("{8BC9CEB8-8B4A-11D0-8D11-00A0C91BC942}") = "HGFGenerator", "HGFGenerator\HGFGenerator.vcxproj", "{2A23CE12-05FE-46BC-B826-106E98E7F561}"
EndProject
Project("{8BC9CEB8-8B4A-11D0-8D11-00A0C91BC942}") = "Syntax.Utility", "Utility\Utility.vcxproj", "{8115E85F-CF57-4E07-9CA6-D05072440864}"
EndProject
Project("{8BC9CEB8-8B4A-11D0-8D11-00A0C91BC942}") = "LZMA", "..\..\ThirdParty\lzma\C\LZMA.vcxproj", "{62B04499-AE86-40D2-B572-4EB8EF89A7B2}"
EndProject
Project("{8BC9CEB8-8B4A-11D0-8D11-00A0C91BC942}") = "Snappy", "..\..\ThirdParty\snappy\Snappy\Snappy.vcxproj", "{D0D1A629-B49A-4A83-9180-D9B629527947}"
EndProject
Project("{8BC9CEB8-8B4A-11D0-8D11-00A0C91BC942}") = "lzo", "..\..\ThirdParty\lzo\lzo\lzo.vcxproj", "{6C1F9EB7-FC52-43A0-8D54-98ABABB90817}"
EndProject
Global
	GlobalSection(SolutionConfigurationPlatforms) = preSolution
		Debug|Any CPU = Debug|Any CPU
		Debug|Mixed Platforms = Debug|Mixed Platforms
		Debug|Win32 = Debug|Win32
		Debug|Windows Mobile 6 Professional SDK (ARMV4I) = Debug|Windows Mobile 6 Professional SDK (ARMV4I)
		Debug|Windows Mobile 6 Standard SDK (ARMV4I) = Debug|Windows Mobile 6 Standard SDK (ARMV4I)
		Release|Any CPU = Release|Any CPU
		Release|Mixed Platforms = Release|Mixed Platforms
		Release|Win32 = Release|Win32
		Release|Windows Mobile 6 Professional SDK (ARMV4I) = Release|Windows Mobile 6 Professional SDK (ARMV4I)
		Release|Windows Mobile 6 Standard SDK (ARMV4I) = Release|Windows Mobile 6 Standard SDK (ARMV4I)
	EndGlobalSection
	GlobalSection(ProjectConfigurationPlatforms) = postSolution
		{ACF586A2-6478-4EE3-AE07-CFE9FE97C19D}.Debug|Any CPU.ActiveCfg = Debug|Any CPU
		{ACF586A2-6478-4EE3-AE07-CFE9FE97C19D}.Debug|Any CPU.Build.0 = Debug|Any CPU
		{ACF586A2-6478-4EE3-AE07-CFE9FE97C19D}.Debug|Mixed Platforms.ActiveCfg = Debug|Any CPU
		{ACF586A2-6478-4EE3-AE07-CFE9FE97C19D}.Debug|Mixed Platforms.Build.0 = Debug|Any CPU
		{ACF586A2-6478-4EE3-AE07-CFE9FE97C19D}.Debug|Win32.ActiveCfg = Debug|Any CPU
		{ACF586A2-6478-4EE3-AE07-CFE9FE97C19D}.Debug|Windows Mobile 6 Professional SDK (ARMV4I).ActiveCfg = Debug|Any CPU
		{ACF586A2-6478-4EE3-AE07-CFE9FE97C19D}.Debug|Windows Mobile 6 Standard SDK (ARMV4I).ActiveCfg = Debug|Any CPU
		{ACF586A2-6478-4EE3-AE07-CFE9FE97C19D}.Release|Any CPU.ActiveCfg = Release|Any CPU
		{ACF586A2-6478-4EE3-AE07-CFE9FE97C19D}.Release|Any CPU.Build.0 = Release|Any CPU
		{ACF586A2-6478-4EE3-AE07-CFE9FE97C19D}.Release|Mixed Platforms.ActiveCfg = Release|Any CPU
		{ACF586A2-6478-4EE3-AE07-CFE9FE97C19D}.Release|Mixed Platforms.Build.0 = Release|Any CPU
		{ACF586A2-6478-4EE3-AE07-CFE9FE97C19D}.Release|Win32.ActiveCfg = Release|Any CPU
		{ACF586A2-6478-4EE3-AE07-CFE9FE97C19D}.Release|Windows Mobile 6 Professional SDK (ARMV4I).ActiveCfg = Release|Any CPU
		{ACF586A2-6478-4EE3-AE07-CFE9FE97C19D}.Release|Windows Mobile 6 Standard SDK (ARMV4I).ActiveCfg = Release|Any CPU
		{2A23CE12-05FE-46BC-B826-106E98E7F561}.Debug|Any CPU.ActiveCfg = Debug|Win32
		{2A23CE12-05FE-46BC-B826-106E98E7F561}.Debug|Mixed Platforms.ActiveCfg = Debug|Win32
		{2A23CE12-05FE-46BC-B826-106E98E7F561}.Debug|Mixed Platforms.Build.0 = Debug|Win32
		{2A23CE12-05FE-46BC-B826-106E98E7F561}.Debug|Win32.ActiveCfg = Debug|Win32
		{2A23CE12-05FE-46BC-B826-106E98E7F561}.Debug|Win32.Build.0 = Debug|Win32
		{2A23CE12-05FE-46BC-B826-106E98E7F561}.Debug|Windows Mobile 6 Professional SDK (ARMV4I).ActiveCfg = Debug|Win32
		{2A23CE12-05FE-46BC-B826-106E98E7F561}.Debug|Windows Mobile 6 Standard SDK (ARMV4I).ActiveCfg = Debug|Win32
		{2A23CE12-05FE-46BC-B826-106E98E7F561}.Release|Any CPU.ActiveCfg = Release|Win32
		{2A23CE12-05FE-46BC-B826-106E98E7F561}.Release|Mixed Platforms.ActiveCfg = Release|Win32
		{2A23CE12-05FE-46BC-B826-106E98E7F561}.Release|Mixed Platforms.Build.0 = Release|Win32
		{2A23CE12-05FE-46BC-B826-106E98E7F561}.Release|Win32.ActiveCfg = Release|Win32
		{2A23CE12-05FE-46BC-B826-106E98E7F561}.Release|Win32.Build.0 = Release|Win32
		{2A23CE12-05FE-46BC-B826-106E98E7F561}.Release|Windows Mobile 6 Professional SDK (ARMV4I).ActiveCfg = Release|Win32
		{2A23CE12-05FE-46BC-B826-106E98E7F561}.Release|Windows Mobile 6 Standard SDK (ARMV4I).ActiveCfg = Release|Win32
		{8115E85F-CF57-4E07-9CA6-D05072440864}.Debug|Any CPU.ActiveCfg = Debug|Windows Mobile 6 Standard SDK (ARMV4I)
		{8115E85F-CF57-4E07-9CA6-D05072440864}.Debug|Mixed Platforms.ActiveCfg = Debug|Win32
		{8115E85F-CF57-4E07-9CA6-D05072440864}.Debug|Mixed Platforms.Build.0 = Debug|Win32
		{8115E85F-CF57-4E07-9CA6-D05072440864}.Debug|Mixed Platforms.Deploy.0 = Debug|Win32
		{8115E85F-CF57-4E07-9CA6-D05072440864}.Debug|Win32.ActiveCfg = Debug|Win32
		{8115E85F-CF57-4E07-9CA6-D05072440864}.Debug|Win32.Build.0 = Debug|Win32
		{8115E85F-CF57-4E07-9CA6-D05072440864}.Debug|Windows Mobile 6 Professional SDK (ARMV4I).ActiveCfg = Debug|Windows Mobile 6 Professional SDK (ARMV4I)
		{8115E85F-CF57-4E07-9CA6-D05072440864}.Debug|Windows Mobile 6 Professional SDK (ARMV4I).Build.0 = Debug|Windows Mobile 6 Professional SDK (ARMV4I)
		{8115E85F-CF57-4E07-9CA6-D05072440864}.Debug|Windows Mobile 6 Professional SDK (ARMV4I).Deploy.0 = Debug|Windows Mobile 6 Professional SDK (ARMV4I)
		{8115E85F-CF57-4E07-9CA6-D05072440864}.Debug|Windows Mobile 6 Standard SDK (ARMV4I).ActiveCfg = Debug|Windows Mobile 6 Standard SDK (ARMV4I)
		{8115E85F-CF57-4E07-9CA6-D05072440864}.Debug|Windows Mobile 6 Standard SDK (ARMV4I).Build.0 = Debug|Windows Mobile 6 Standard SDK (ARMV4I)
		{8115E85F-CF57-4E07-9CA6-D05072440864}.Debug|Windows Mobile 6 Standard SDK (ARMV4I).Deploy.0 = Debug|Windows Mobile 6 Standard SDK (ARMV4I)
		{8115E85F-CF57-4E07-9CA6-D05072440864}.Release|Any CPU.ActiveCfg = Release|Windows Mobile 6 Standard SDK (ARMV4I)
		{8115E85F-CF57-4E07-9CA6-D05072440864}.Release|Mixed Platforms.ActiveCfg = Release|Win32
		{8115E85F-CF57-4E07-9CA6-D05072440864}.Release|Mixed Platforms.Build.0 = Release|Win32
		{8115E85F-CF57-4E07-9CA6-D05072440864}.Release|Mixed Platforms.Deploy.0 = Release|Win32
		{8115E85F-CF57-4E07-9CA6-D05072440864}.Release|Win32.ActiveCfg = Release|Win32
		{8115E85F-CF57-4E07-9CA6-D05072440864}.Release|Win32.Build.0 = Release|Win32
		{8115E85F-CF57-4E07-9CA6-D05072440864}.Release|Windows Mobile 6 Professional SDK (ARMV4I).ActiveCfg = Release|Windows Mobile 6 Professional SDK (ARMV4I)
		{8115E85F-CF57-4E07-9CA6-D05072440864}.Release|Windows Mobile 6 Professional SDK (ARMV4I).Build.0 = Release|Windows Mobile 6 Professional SDK (ARMV4I)
		{8115E85F-CF57-4E07-9CA6-D05072440864}.Release|Windows Mobile 6 Professional SDK (ARMV4I).Deploy.0 = Release|Windows Mobile 6 Professional SDK (ARMV4I)
		{8115E85F-CF57-4E07-9CA6-D05072440864}.Release|Windows Mobile 6 Standard SDK (ARMV4I).ActiveCfg = Release|Windows Mobile 6 Standard SDK (ARMV4I)
		{8115E85F-CF57-4E07-9CA6-D05072440864}.Release|Windows Mobile 6 Standard SDK (ARMV4I).Build.0 = Release|Windows Mobile 6 Standard SDK (ARMV4I)
		{8115E85F-CF57-4E07-9CA6-D05072440864}.Release|Windows Mobile 6 Standard SDK (ARMV4I).Deploy.0 = Release|Windows Mobile 6 Standard SDK (ARMV4I)
		{62B04499-AE86-40D2-B572-4EB8EF89A7B2}.Debug|Any CPU.ActiveCfg = Debug|Win32
		{62B04499-AE86-40D2-B572-4EB8EF89A7B2}.Debug|Mixed Platforms.ActiveCfg = Debug|Win32
		{62B04499-AE86-40D2-B572-4EB8EF89A7B2}.Debug|Mixed Platforms.Build.0 = Debug|Win32
		{62B04499-AE86-40D2-B572-4EB8EF89A7B2}.Debug|Win32.ActiveCfg = Debug|Win32
		{62B04499-AE86-40D2-B572-4EB8EF89A7B2}.Debug|Win32.Build.0 = Debug|Win32
		{62B04499-AE86-40D2-B572-4EB8EF89A7B2}.Debug|Windows Mobile 6 Professional SDK (ARMV4I).ActiveCfg = Debug|Win32
		{62B04499-AE86-40D2-B572-4EB8EF89A7B2}.Debug|Windows Mobile 6 Standard SDK (ARMV4I).ActiveCfg = Debug|Win32
		{62B04499-AE86-40D2-B572-4EB8EF89A7B2}.Release|Any CPU.ActiveCfg = Release|Win32
		{62B04499-AE86-40D2-B572-4EB8EF89A7B2}.Release|Mixed Platforms.ActiveCfg = Release|Win32
		{62B04499-AE86-40D2-B572-4EB8EF89A7B2}.Release|Mixed Platforms.Build.0 = Release|Win32
		{62B04499-AE86-40D2-B572-4EB8EF89A7B2}.Release|Win32.ActiveCfg = Release|Win32
		{62B04499-AE86-40D2-B572-4EB8EF89A7B2}.Release|Win32.Build.0 = Release|Win32
		{62B04499-AE86-40D2-B572-4EB8EF89A7B2}.Release|Windows Mobile 6 Professional SDK (ARMV4I).ActiveCfg = Release|Win32
		{62B04499-AE86-40D2-B572-4EB8EF89A7B2}.Release|Windows Mobile 6 Standard SDK (ARMV4I).ActiveCfg = Release|Win32
		{D0D1A629-B49A-4A83-9180-D9B629527947}.Debug|Any CPU.ActiveCfg = Debug|Win32
		{D0D1A629-B49A-4A83-9180-D9B629527947}.Debug|Mixed Platforms.ActiveCfg = Debug|Win32
		{D0D1A629-B49A-4A83-9180-D9B629527947}.Debug|Mixed Platforms.Build.0 = Debug|Win32
		{D0D1A629-B49A-4A83-9180-D9B629527947}.Debug|Win32.ActiveCfg = Debug|Win32
		{D0D1A629-B49A-4A83-9180-D9B629527947}.Debug|Win32.Build.0 = Debug|Win32
		{D0D1A629-B49A-4A83-9180-D9B629527947}.Debug|Windows Mobile 6 Professional SDK (ARMV4I).ActiveCfg = Debug|Win32
		{D0D1A629-B49A-4A83-9180-D9B629527947}.Debug|Windows Mobile 6 Standard SDK (ARMV4I).ActiveCfg = Debug|Win32
		{D0D1A629-B49A-4A83-9180-D9B629527947}.Release|Any CPU.ActiveCfg = Release|Win32
		{D0D1A629-B49A-4A83-9180-D9B629527947}.Release|Mixed Platforms.ActiveCfg = Release|Win32
		{D0D1A629-B49A-4A83-9180-D9B629527947}.Release|Mixed Platforms.Build.0 = Release|Win32
		{D0D1A629-B49A-4A83-9180-D9B629527947}.Release|Win32.ActiveCfg = Release|Win32
		{D0D1A629-B49A-4A83-9180-D9B629527947}.Release|Win32.Build.0 = Release|Win32
		{D0D1A629-B49A-4A83-9180-D9B629527947}.Release|Windows Mobile 6 Professional SDK (ARMV4I).ActiveCfg = Release|Win32
		{D0D1A629-B49A-4A83-9180-D9B629527947}.Release|Windows Mobile 6 Standard SDK (ARMV4I).ActiveCfg = Release|Win32
		{6C1F9EB7-FC52-43A0-8D54-98ABABB90817}.Debug|Any CPU.ActiveCfg = Debug|Win32
		{6C1F9EB7-FC52-43A0-8D54-98ABABB90817}.Debug|Mixed Platforms.ActiveCfg = Debug|Win32
		{6C1F9EB7-FC52-43A0-8D54-98ABABB90817}.Debug|Mixed Platforms.Build.0 = Debug|Win32
		{6C1F9EB7-FC52-43A0-8D54-98ABABB90817}.Debug|Win32.ActiveCfg = Debug|Win32
		{6C1F9EB7-FC52-43A0-8D54-98ABABB90817}.Debug|Win32.Build.0 = Debug|Win32
		{6C1F9EB7-FC52-43A0-8D54-98ABABB90817}.Debug|Windows Mobile 6 Professional SDK (ARMV4I).ActiveCfg = Debug|Win32
		{6C1F9EB7-FC52-43A0-8D54-98ABABB90817}.Debug|Windows Mobile 6 Standard SDK (ARMV4I).ActiveCfg = Debug|Win32
		{6C1F9EB7-FC52-43A0-8D54-98ABABB90817}.Release|Any CPU.ActiveCfg = Release|Win32
		{6C1F9EB7-FC52-43A0-8D54-98ABABB90817}.Release|Mixed Platforms.ActiveCfg = Release|Win32
		{6C1F9EB7-FC52-43A0-8D54-98ABABB90817}.Release|Mixed Platforms.Build.0 = Release|Win32
		{6C1F9EB7-FC52-43A0-8D54-98ABABB90817}.Release|Win32.ActiveCfg = Release|Win32
		{6C1F9EB7-FC52-43A0-8D54-98ABABB90817}.Release|Win32.Build.0 = Release|Win32
		{6C1F9EB7-FC52-43A0-8D54-98ABABB90817}.Release|Windows Mobile 6 Professional SDK (ARMV4I).ActiveCfg = Release|Win32
		{6C1F9EB7-FC52-43A0-8D54-98ABABB90817}.Release|Windows Mobile 6 Standard SDK (ARMV4I).ActiveCfg = Release|Win32
	EndGlobalSection
	GlobalSection(SolutionProperties) = preSolution
		HideSolutionNode = FALSE
	EndGlobalSection
EndGlobal
