
Microsoft Visual Studio Solution File, Format Version 11.00
# Visual Studio 2010
Project("{8BC9CEB8-8B4A-11D0-8D11-00A0C91BC942}") = "Utility", "Utility.vcproj", "{8115E85F-CF57-4E07-9CA6-D05072440864}"
EndProject
Global
	GlobalSection(SolutionConfigurationPlatforms) = preSolution
		Debug|Win32 = Debug|Win32
		Release|Win32 = Release|Win32
	EndGlobalSection
	GlobalSection(ProjectConfigurationPlatforms) = postSolution
		{8115E85F-CF57-4E07-9CA6-D05072440864}.Debug|Win32.ActiveCfg = Debug|Win32
		{8115E85F-CF57-4E07-9CA6-D05072440864}.Debug|Win32.Build.0 = Debug|Win32
		{8115E85F-CF57-4E07-9CA6-D05072440864}.Release|Win32.ActiveCfg = Release|Win32
		{8115E85F-CF57-4E07-9CA6-D05072440864}.Release|Win32.Build.0 = Release|Win32
	EndGlobalSection
	GlobalSection(SolutionProperties) = preSolution
		HideSolutionNode = FALSE
	EndGlobalSection
EndGlobal
